
Microsoft Visual Studio Solution File, Format Version 12.00
# Visual Studio 15
VisualStudioVersion = 15.0.28307.779
MinimumVisualStudioVersion = 10.0.40219.1
Project("{FAE04EC0-301F-11D3-BF4B-00C04F79EFBC}") = "RecipeWebsite", "RecipeWebsite\RecipeWebsite.csproj", "{FBD0EBEB-EB23-4AE4-B333-6EF8C992A0EA}"
EndProject
Global
	GlobalSection(SolutionConfigurationPlatforms) = preSolution
		Debug|Any CPU = Debug|Any CPU
		Release|Any CPU = Release|Any CPU
	EndGlobalSection
	GlobalSection(ProjectConfigurationPlatforms) = postSolution
		{FBD0EBEB-EB23-4AE4-B333-6EF8C992A0EA}.Debug|Any CPU.ActiveCfg = Debug|Any CPU
		{FBD0EBEB-EB23-4AE4-B333-6EF8C992A0EA}.Debug|Any CPU.Build.0 = Debug|Any CPU
		{FBD0EBEB-EB23-4AE4-B333-6EF8C992A0EA}.Release|Any CPU.ActiveCfg = Release|Any CPU
		{FBD0EBEB-EB23-4AE4-B333-6EF8C992A0EA}.Release|Any CPU.Build.0 = Release|Any CPU
	EndGlobalSection
	GlobalSection(SolutionProperties) = preSolution
		HideSolutionNode = FALSE
	EndGlobalSection
	GlobalSection(ExtensibilityGlobals) = postSolution
		SolutionGuid = {3BE3C214-0A20-4BB7-B6F0-39AE8DDE8A8F}
	EndGlobalSection
EndGlobal
